
Microsoft Visual Studio Solution File, Format Version 12.00
# Visual Studio Version 17
VisualStudioVersion = 17.11.35222.181
MinimumVisualStudioVersion = 10.0.40219.1
Project("{FAE04EC0-301F-11D3-BF4B-00C04F79EFBC}") = "SimpleCalculatorWebAPI", "SimpleCalculatorWebAPI\SimpleCalculatorWebAPI.csproj", "{AAE6990E-E007-462F-8B76-1618822C2A69}"
EndProject
Global
	GlobalSection(SolutionConfigurationPlatforms) = preSolution
		Debug|Any CPU = Debug|Any CPU
		Release|Any CPU = Release|Any CPU
	EndGlobalSection
	GlobalSection(ProjectConfigurationPlatforms) = postSolution
		{AAE6990E-E007-462F-8B76-1618822C2A69}.Debug|Any CPU.ActiveCfg = Debug|Any CPU
		{AAE6990E-E007-462F-8B76-1618822C2A69}.Debug|Any CPU.Build.0 = Debug|Any CPU
		{AAE6990E-E007-462F-8B76-1618822C2A69}.Release|Any CPU.ActiveCfg = Release|Any CPU
		{AAE6990E-E007-462F-8B76-1618822C2A69}.Release|Any CPU.Build.0 = Release|Any CPU
	EndGlobalSection
	GlobalSection(SolutionProperties) = preSolution
		HideSolutionNode = FALSE
	EndGlobalSection
	GlobalSection(ExtensibilityGlobals) = postSolution
		SolutionGuid = {02ACBF9F-738E-41B5-9029-7C7A4459DA5A}
	EndGlobalSection
EndGlobal
